Microsoft Visual Studio Solution File, Format Version 12.00
# Visual Studio Version 17
VisualStudioVersion = 17.5.2.0
MinimumVisualStudioVersion = 10.0.40219.1
Project("{2150E333-8FDC-42A3-9474-1A3956D46DE8}") = "ProyectosPersonales", "ProyectosPersonales", "{AD978929-1ED9-3C9E-1A78-298D030F9412}"
EndProject
Project("{2150E333-8FDC-42A3-9474-1A3956D46DE8}") = "FKD", "FKD", "{F2B00CFB-B36E-B614-5728-94E5D5EBEA8B}"
EndProject
Project("{FAE04EC0-301F-11D3-BF4B-00C04F79EFBC}") = "KitCreatorApp", "ProyectosPersonales\FKD\KitCreatorApp\KitCreatorApp.csproj", "{D17BDD83-5FA4-B0CF-30CC-1C94E409BB0B}"
EndProject
Global
	GlobalSection(SolutionConfigurationPlatforms) = preSolution
		Debug|Any CPU = Debug|Any CPU
		Release|Any CPU = Release|Any CPU
	EndGlobalSection
	GlobalSection(ProjectConfigurationPlatforms) = postSolution
		{D17BDD83-5FA4-B0CF-30CC-1C94E409BB0B}.Debug|Any CPU.ActiveCfg = Debug|Any CPU
		{D17BDD83-5FA4-B0CF-30CC-1C94E409BB0B}.Debug|Any CPU.Build.0 = Debug|Any CPU
		{D17BDD83-5FA4-B0CF-30CC-1C94E409BB0B}.Release|Any CPU.ActiveCfg = Release|Any CPU
		{D17BDD83-5FA4-B0CF-30CC-1C94E409BB0B}.Release|Any CPU.Build.0 = Release|Any CPU
	EndGlobalSection
	GlobalSection(SolutionProperties) = preSolution
		HideSolutionNode = FALSE
	EndGlobalSection
	GlobalSection(NestedProjects) = preSolution
		{F2B00CFB-B36E-B614-5728-94E5D5EBEA8B} = {AD978929-1ED9-3C9E-1A78-298D030F9412}
		{D17BDD83-5FA4-B0CF-30CC-1C94E409BB0B} = {F2B00CFB-B36E-B614-5728-94E5D5EBEA8B}
	EndGlobalSection
	GlobalSection(ExtensibilityGlobals) = postSolution
		SolutionGuid = {9DC57101-06F9-4379-8429-C08B57524691}
	EndGlobalSection
EndGlobal
